// !$*UTF8*$!
{
	archiveVersion = 1;
	classes = {
	};
	objectVersion = 56;
	objects = {

/* Begin PBXBuildFile section */
		090296D928F4BEC400274F29 /* WebViewController.swift in Sources */ = {isa = PBXBuildFile; fileRef = 090296D828F4BEC400274F29 /* WebViewController.swift */; };
		090296DB28F5824C00274F29 /* file.pdf in Resources */ = {isa = PBXBuildFile; fileRef = 090296DA28F5824C00274F29 /* file.pdf */; };
		090296DD28F5829B00274F29 /* PDFViewController.swift in Sources */ = {isa = PBXBuildFile; fileRef = 090296DC28F5829B00274F29 /* PDFViewController.swift */; };
		0959796128EF5A00005DD195 /* BuyViewController.swift in Sources */ = {isa = PBXBuildFile; fileRef = 0959796028EF5A00005DD195 /* BuyViewController.swift */; };
		0959796328EF5A1E005DD195 /* ForYouViewController.swift in Sources */ = {isa = PBXBuildFile; fileRef = 0959796228EF5A1E005DD195 /* ForYouViewController.swift */; };
		0959796528EF5A35005DD195 /* BasketViewController.swift in Sources */ = {isa = PBXBuildFile; fileRef = 0959796428EF5A35005DD195 /* BasketViewController.swift */; };
		0959796728EF5EF2005DD195 /* MainTabBarController.swift in Sources */ = {isa = PBXBuildFile; fileRef = 0959796628EF5EF2005DD195 /* MainTabBarController.swift */; };
		0959796928EF664F005DD195 /* Colors.xcassets in Resources */ = {isa = PBXBuildFile; fileRef = 0959796828EF664F005DD195 /* Colors.xcassets */; };
		0959796C28EF7758005DD195 /* ProductViewController.swift in Sources */ = {isa = PBXBuildFile; fileRef = 0959796B28EF7758005DD195 /* ProductViewController.swift */; };
		09628F2C28F3238300F43257 /* Constants.swift in Sources */ = {isa = PBXBuildFile; fileRef = 09628F2B28F3238300F43257 /* Constants.swift */; };
		09628F2F28F32CBD00F43257 /* Product.swift in Sources */ = {isa = PBXBuildFile; fileRef = 09628F2E28F32CBD00F43257 /* Product.swift */; };
		09C9196628EF1E5B0099B2DC /* AppDelegate.swift in Sources */ = {isa = PBXBuildFile; fileRef = 09C9196528EF1E5B0099B2DC /* AppDelegate.swift */; };
		09C9196828EF1E5B0099B2DC /* SceneDelegate.swift in Sources */ = {isa = PBXBuildFile; fileRef = 09C9196728EF1E5B0099B2DC /* SceneDelegate.swift */; };
		09C9196A28EF1E5B0099B2DC /* SearchViewController.swift in Sources */ = {isa = PBXBuildFile; fileRef = 09C9196928EF1E5B0099B2DC /* SearchViewController.swift */; };
		09C9196D28EF1E5B0099B2DC /* Main.storyboard in Resources */ = {isa = PBXBuildFile; fileRef = 09C9196B28EF1E5B0099B2DC /* Main.storyboard */; };
		09C9196F28EF1E5D0099B2DC /* Assets.xcassets in Resources */ = {isa = PBXBuildFile; fileRef = 09C9196E28EF1E5D0099B2DC /* Assets.xcassets */; };
		09C9197228EF1E5D0099B2DC /* LaunchScreen.storyboard in Resources */ = {isa = PBXBuildFile; fileRef = 09C9197028EF1E5D0099B2DC /* LaunchScreen.storyboard */; };
/* End PBXBuildFile section */

/* Begin PBXFileReference section */
		090296D828F4BEC400274F29 /* WebViewController.swift */ = {isa = PBXFileReference; lastKnownFileType = sourcecode.swift; path = WebViewController.swift; sourceTree = "<group>"; };
		090296DA28F5824C00274F29 /* file.pdf */ = {isa = PBXFileReference; lastKnownFileType = image.pdf; path = file.pdf; sourceTree = "<group>"; };
		090296DC28F5829B00274F29 /* PDFViewController.swift */ = {isa = PBXFileReference; lastKnownFileType = sourcecode.swift; path = PDFViewController.swift; sourceTree = "<group>"; };
		0959796028EF5A00005DD195 /* BuyViewController.swift */ = {isa = PBXFileReference; lastKnownFileType = sourcecode.swift; path = BuyViewController.swift; sourceTree = "<group>"; };
		0959796228EF5A1E005DD195 /* ForYouViewController.swift */ = {isa = PBXFileReference; lastKnownFileType = sourcecode.swift; path = ForYouViewController.swift; sourceTree = "<group>"; };
		0959796428EF5A35005DD195 /* BasketViewController.swift */ = {isa = PBXFileReference; lastKnownFileType = sourcecode.swift; path = BasketViewController.swift; sourceTree = "<group>"; };
		0959796628EF5EF2005DD195 /* MainTabBarController.swift */ = {isa = PBXFileReference; lastKnownFileType = sourcecode.swift; path = MainTabBarController.swift; sourceTree = "<group>"; };
		0959796828EF664F005DD195 /* Colors.xcassets */ = {isa = PBXFileReference; lastKnownFileType = folder.assetcatalog; path = Colors.xcassets; sourceTree = "<group>"; };
		0959796B28EF7758005DD195 /* ProductViewController.swift */ = {isa = PBXFileReference; lastKnownFileType = sourcecode.swift; path = ProductViewController.swift; sourceTree = "<group>"; };
		09628F2B28F3238300F43257 /* Constants.swift */ = {isa = PBXFileReference; lastKnownFileType = sourcecode.swift; path = Constants.swift; sourceTree = "<group>"; };
		09628F2E28F32CBD00F43257 /* Product.swift */ = {isa = PBXFileReference; lastKnownFileType = sourcecode.swift; path = Product.swift; sourceTree = "<group>"; };
		09C9196228EF1E5B0099B2DC /* MyStore.app */ = {isa = PBXFileReference; explicitFileType = wrapper.application; includeInIndex = 0; path = MyStore.app; sourceTree = BUILT_PRODUCTS_DIR; };
		09C9196528EF1E5B0099B2DC /* AppDelegate.swift */ = {isa = PBXFileReference; lastKnownFileType = sourcecode.swift; path = AppDelegate.swift; sourceTree = "<group>"; };
		09C9196728EF1E5B0099B2DC /* SceneDelegate.swift */ = {isa = PBXFileReference; lastKnownFileType = sourcecode.swift; path = SceneDelegate.swift; sourceTree = "<group>"; };
		09C9196928EF1E5B0099B2DC /* SearchViewController.swift */ = {isa = PBXFileReference; lastKnownFileType = sourcecode.swift; path = SearchViewController.swift; sourceTree = "<group>"; };
		09C9196C28EF1E5B0099B2DC /* Base */ = {isa = PBXFileReference; lastKnownFileType = file.storyboard; name = Base; path = Base.lproj/Main.storyboard; sourceTree = "<group>"; };
		09C9196E28EF1E5D0099B2DC /* Assets.xcassets */ = {isa = PBXFileReference; lastKnownFileType = folder.assetcatalog; path = Assets.xcassets; sourceTree = "<group>"; };
		09C9197128EF1E5D0099B2DC /* Base */ = {isa = PBXFileReference; lastKnownFileType = file.storyboard; name = Base; path = Base.lproj/LaunchScreen.storyboard; sourceTree = "<group>"; };
		09C9197328EF1E5D0099B2DC /* Info.plist */ = {isa = PBXFileReference; lastKnownFileType = text.plist.xml; path = Info.plist; sourceTree = "<group>"; };
/* End PBXFileReference section */

/* Begin PBXFrameworksBuildPhase section */
		09C9195F28EF1E5B0099B2DC /* Frameworks */ = {
			isa = PBXFrameworksBuildPhase;
			buildActionMask = 2147483647;
			files = (
			);
			runOnlyForDeploymentPostprocessing = 0;
		};
/* End PBXFrameworksBuildPhase section */

/* Begin PBXGroup section */
		0959796A28EF7691005DD195 /* View Controllers */ = {
			isa = PBXGroup;
			children = (
				0959796628EF5EF2005DD195 /* MainTabBarController.swift */,
				0959796B28EF7758005DD195 /* ProductViewController.swift */,
				0959796428EF5A35005DD195 /* BasketViewController.swift */,
				0959796028EF5A00005DD195 /* BuyViewController.swift */,
				0959796228EF5A1E005DD195 /* ForYouViewController.swift */,
				09C9196928EF1E5B0099B2DC /* SearchViewController.swift */,
				090296D828F4BEC400274F29 /* WebViewController.swift */,
				090296DC28F5829B00274F29 /* PDFViewController.swift */,
			);
			path = "View Controllers";
			sourceTree = "<group>";
		};
		09628F2D28F32C8A00F43257 /* Model */ = {
			isa = PBXGroup;
			children = (
				09628F2E28F32CBD00F43257 /* Product.swift */,
			);
			path = Model;
			sourceTree = "<group>";
		};
		09C9195928EF1E5B0099B2DC = {
			isa = PBXGroup;
			children = (
				09C9196428EF1E5B0099B2DC /* MyStore */,
				09C9196328EF1E5B0099B2DC /* Products */,
			);
			sourceTree = "<group>";
		};
		09C9196328EF1E5B0099B2DC /* Products */ = {
			isa = PBXGroup;
			children = (
				09C9196228EF1E5B0099B2DC /* MyStore.app */,
			);
			name = Products;
			sourceTree = "<group>";
		};
		09C9196428EF1E5B0099B2DC /* MyStore */ = {
			isa = PBXGroup;
			children = (
				09C9196528EF1E5B0099B2DC /* AppDelegate.swift */,
				09C9196728EF1E5B0099B2DC /* SceneDelegate.swift */,
				09628F2B28F3238300F43257 /* Constants.swift */,
				0959796A28EF7691005DD195 /* View Controllers */,
				09628F2D28F32C8A00F43257 /* Model */,
				09C9196B28EF1E5B0099B2DC /* Main.storyboard */,
				09C9196E28EF1E5D0099B2DC /* Assets.xcassets */,
				0959796828EF664F005DD195 /* Colors.xcassets */,
				090296DA28F5824C00274F29 /* file.pdf */,
				09C9197028EF1E5D0099B2DC /* LaunchScreen.storyboard */,
				09C9197328EF1E5D0099B2DC /* Info.plist */,
			);
			path = MyStore;
			sourceTree = "<group>";
		};
/* End PBXGroup section */

/* Begin PBXNativeTarget section */
		09C9196128EF1E5B0099B2DC /* MyStore */ = {
			isa = PBXNativeTarget;
			buildConfigurationList = 09C9197628EF1E5D0099B2DC /* Build configuration list for PBXNativeTarget "MyStore" */;
			buildPhases = (
				09C9195E28EF1E5B0099B2DC /* Sources */,
				09C9195F28EF1E5B0099B2DC /* Frameworks */,
				09C9196028EF1E5B0099B2DC /* Resources */,
				0988DE4E28EF276800DFA4F4 /* SwiftLint */,
			);
			buildRules = (
			);
			dependencies = (
			);
			name = MyStore;
			productName = MyStore;
			productReference = 09C9196228EF1E5B0099B2DC /* MyStore.app */;
			productType = "com.apple.product-type.application";
		};
/* End PBXNativeTarget section */

/* Begin PBXProject section */
		09C9195A28EF1E5B0099B2DC /* Project object */ = {
			isa = PBXProject;
			attributes = {
				BuildIndependentTargetsInParallel = 1;
				LastSwiftUpdateCheck = 1400;
				LastUpgradeCheck = 1400;
				TargetAttributes = {
					09C9196128EF1E5B0099B2DC = {
						CreatedOnToolsVersion = 14.0.1;
					};
				};
			};
			buildConfigurationList = 09C9195D28EF1E5B0099B2DC /* Build configuration list for PBXProject "MyStore" */;
			compatibilityVersion = "Xcode 14.0";
			developmentRegion = en;
			hasScannedForEncodings = 0;
			knownRegions = (
				en,
				Base,
			);
			mainGroup = 09C9195928EF1E5B0099B2DC;
			productRefGroup = 09C9196328EF1E5B0099B2DC /* Products */;
			projectDirPath = "";
			projectRoot = "";
			targets = (
				09C9196128EF1E5B0099B2DC /* MyStore */,
			);
		};
/* End PBXProject section */

/* Begin PBXResourcesBuildPhase section */
		09C9196028EF1E5B0099B2DC /* Resources */ = {
			isa = PBXResourcesBuildPhase;
			buildActionMask = 2147483647;
			files = (
				09C9197228EF1E5D0099B2DC /* LaunchScreen.storyboard in Resources */,
				0959796928EF664F005DD195 /* Colors.xcassets in Resources */,
				09C9196F28EF1E5D0099B2DC /* Assets.xcassets in Resources */,
				09C9196D28EF1E5B0099B2DC /* Main.storyboard in Resources */,
				090296DB28F5824C00274F29 /* file.pdf in Resources */,
			);
			runOnlyForDeploymentPostprocessing = 0;
		};
/* End PBXResourcesBuildPhase section */

/* Begin PBXShellScriptBuildPhase section */
		0988DE4E28EF276800DFA4F4 /* SwiftLint */ = {
			isa = PBXShellScriptBuildPhase;
			buildActionMask = 2147483647;
			files = (
			);
			inputFileListPaths = (
			);
			inputPaths = (
			);
			name = SwiftLint;
			outputFileListPaths = (
			);
			outputPaths = (
			);
			runOnlyForDeploymentPostprocessing = 0;
			shellPath = /bin/sh;
			shellScript = "export PATH=\"$PATH:/opt/homebrew/bin\"\nif which swiftlint > /dev/null; then\n  swiftlint\nelse\n  echo \"warning: SwiftLint not installed, download from https://github.com/realm/SwiftLint\"\nfi\n";
		};
/* End PBXShellScriptBuildPhase section */

/* Begin PBXSourcesBuildPhase section */
		09C9195E28EF1E5B0099B2DC /* Sources */ = {
			isa = PBXSourcesBuildPhase;
			buildActionMask = 2147483647;
			files = (
				0959796528EF5A35005DD195 /* BasketViewController.swift in Sources */,
				090296D928F4BEC400274F29 /* WebViewController.swift in Sources */,
				09C9196A28EF1E5B0099B2DC /* SearchViewController.swift in Sources */,
				090296DD28F5829B00274F29 /* PDFViewController.swift in Sources */,
				0959796128EF5A00005DD195 /* BuyViewController.swift in Sources */,
				09C9196628EF1E5B0099B2DC /* AppDelegate.swift in Sources */,
				0959796728EF5EF2005DD195 /* MainTabBarController.swift in Sources */,
				09628F2F28F32CBD00F43257 /* Product.swift in Sources */,
				0959796328EF5A1E005DD195 /* ForYouViewController.swift in Sources */,
				0959796C28EF7758005DD195 /* ProductViewController.swift in Sources */,
				09C9196828EF1E5B0099B2DC /* SceneDelegate.swift in Sources */,
				09628F2C28F3238300F43257 /* Constants.swift in Sources */,
			);
			runOnlyForDeploymentPostprocessing = 0;
		};
/* End PBXSourcesBuildPhase section */

/* Begin PBXVariantGroup section */
		09C9196B28EF1E5B0099B2DC /* Main.storyboard */ = {
			isa = PBXVariantGroup;
			children = (
				09C9196C28EF1E5B0099B2DC /* Base */,
			);
			name = Main.storyboard;
			sourceTree = "<group>";
		};
		09C9197028EF1E5D0099B2DC /* LaunchScreen.storyboard */ = {
			isa = PBXVariantGroup;
			children = (
				09C9197128EF1E5D0099B2DC /* Base */,
			);
			name = LaunchScreen.storyboard;
			sourceTree = "<group>";
		};
/* End PBXVariantGroup section */

/* Begin XCBuildConfiguration section */
		09C9197428EF1E5D0099B2DC /* Debug */ = {
			isa = XCBuildConfiguration;
			buildSettings = {
				ALWAYS_SEARCH_USER_PATHS = NO;
				CLANG_ANALYZER_NONNULL = YES;
				CLANG_ANALYZER_NUMBER_OBJECT_CONVERSION = YES_AGGRESSIVE;
				CLANG_CXX_LANGUAGE_STANDARD = "gnu++20";
				CLANG_ENABLE_MODULES = YES;
				CLANG_ENABLE_OBJC_ARC = YES;
				CLANG_ENABLE_OBJC_WEAK = YES;
				CLANG_WARN_BLOCK_CAPTURE_AUTORELEASING = YES;
				CLANG_WARN_BOOL_CONVERSION = YES;
				CLANG_WARN_COMMA = YES;
				CLANG_WARN_CONSTANT_CONVERSION = YES;
				CLANG_WARN_DEPRECATED_OBJC_IMPLEMENTATIONS = YES;
				CLANG_WARN_DIRECT_OBJC_ISA_USAGE = YES_ERROR;
				CLANG_WARN_DOCUMENTATION_COMMENTS = YES;
				CLANG_WARN_EMPTY_BODY = YES;
				CLANG_WARN_ENUM_CONVERSION = YES;
				CLANG_WARN_INFINITE_RECURSION = YES;
				CLANG_WARN_INT_CONVERSION = YES;
				CLANG_WARN_NON_LITERAL_NULL_CONVERSION = YES;
				CLANG_WARN_OBJC_IMPLICIT_RETAIN_SELF = YES;
				CLANG_WARN_OBJC_LITERAL_CONVERSION = YES;
				CLANG_WARN_OBJC_ROOT_CLASS = YES_ERROR;
				CLANG_WARN_QUOTED_INCLUDE_IN_FRAMEWORK_HEADER = YES;
				CLANG_WARN_RANGE_LOOP_ANALYSIS = YES;
				CLANG_WARN_STRICT_PROTOTYPES = YES;
				CLANG_WARN_SUSPICIOUS_MOVE = YES;
				CLANG_WARN_UNGUARDED_AVAILABILITY = YES_AGGRESSIVE;
				CLANG_WARN_UNREACHABLE_CODE = YES;
				CLANG_WARN__DUPLICATE_METHOD_MATCH = YES;
				COPY_PHASE_STRIP = NO;
				DEBUG_INFORMATION_FORMAT = dwarf;
				ENABLE_STRICT_OBJC_MSGSEND = YES;
				ENABLE_TESTABILITY = YES;
				GCC_C_LANGUAGE_STANDARD = gnu11;
				GCC_DYNAMIC_NO_PIC = NO;
				GCC_NO_COMMON_BLOCKS = YES;
				GCC_OPTIMIZATION_LEVEL = 0;
				GCC_PREPROCESSOR_DEFINITIONS = (
					"DEBUG=1",
					"$(inherited)",
				);
				GCC_WARN_64_TO_32_BIT_CONVERSION = YES;
				GCC_WARN_ABOUT_RETURN_TYPE = YES_ERROR;
				GCC_WARN_UNDECLARED_SELECTOR = YES;
				GCC_WARN_UNINITIALIZED_AUTOS = YES_AGGRESSIVE;
				GCC_WARN_UNUSED_FUNCTION = YES;
				GCC_WARN_UNUSED_VARIABLE = YES;
				IPHONEOS_DEPLOYMENT_TARGET = 16.0;
				MTL_ENABLE_DEBUG_INFO = INCLUDE_SOURCE;
				MTL_FAST_MATH = YES;
				ONLY_ACTIVE_ARCH = YES;
				SDKROOT = iphoneos;
				SWIFT_ACTIVE_COMPILATION_CONDITIONS = DEBUG;
				SWIFT_OPTIMIZATION_LEVEL = "-Onone";
			};
			name = Debug;
		};
		09C9197528EF1E5D0099B2DC /* Release */ = {
			isa = XCBuildConfiguration;
			buildSettings = {
				ALWAYS_SEARCH_USER_PATHS = NO;
				CLANG_ANALYZER_NONNULL = YES;
				CLANG_ANALYZER_NUMBER_OBJECT_CONVERSION = YES_AGGRESSIVE;
				CLANG_CXX_LANGUAGE_STANDARD = "gnu++20";
				CLANG_ENABLE_MODULES = YES;
				CLANG_ENABLE_OBJC_ARC = YES;
				CLANG_ENABLE_OBJC_WEAK = YES;
				CLANG_WARN_BLOCK_CAPTURE_AUTORELEASING = YES;
				CLANG_WARN_BOOL_CONVERSION = YES;
				CLANG_WARN_COMMA = YES;
				CLANG_WARN_CONSTANT_CONVERSION = YES;
				CLANG_WARN_DEPRECATED_OBJC_IMPLEMENTATIONS = YES;
				CLANG_WARN_DIRECT_OBJC_ISA_USAGE = YES_ERROR;
				CLANG_WARN_DOCUMENTATION_COMMENTS = YES;
				CLANG_WARN_EMPTY_BODY = YES;
				CLANG_WARN_ENUM_CONVERSION = YES;
				CLANG_WARN_INFINITE_RECURSION = YES;
				CLANG_WARN_INT_CONVERSION = YES;
				CLANG_WARN_NON_LITERAL_NULL_CONVERSION = YES;
				CLANG_WARN_OBJC_IMPLICIT_RETAIN_SELF = YES;
				CLANG_WARN_OBJC_LITERAL_CONVERSION = YES;
				CLANG_WARN_OBJC_ROOT_CLASS = YES_ERROR;
				CLANG_WARN_QUOTED_INCLUDE_IN_FRAMEWORK_HEADER = YES;
				CLANG_WARN_RANGE_LOOP_ANALYSIS = YES;
				CLANG_WARN_STRICT_PROTOTYPES = YES;
				CLANG_WARN_SUSPICIOUS_MOVE = YES;
				CLANG_WARN_UNGUARDED_AVAILABILITY = YES_AGGRESSIVE;
				CLANG_WARN_UNREACHABLE_CODE = YES;
				CLANG_WARN__DUPLICATE_METHOD_MATCH = YES;
				COPY_PHASE_STRIP = NO;
				DEBUG_INFORMATION_FORMAT = "dwarf-with-dsym";
				ENABLE_NS_ASSERTIONS = NO;
				ENABLE_STRICT_OBJC_MSGSEND = YES;
				GCC_C_LANGUAGE_STANDARD = gnu11;
				GCC_NO_COMMON_BLOCKS = YES;
				GCC_WARN_64_TO_32_BIT_CONVERSION = YES;
				GCC_WARN_ABOUT_RETURN_TYPE = YES_ERROR;
				GCC_WARN_UNDECLARED_SELECTOR = YES;
				GCC_WARN_UNINITIALIZED_AUTOS = YES_AGGRESSIVE;
				GCC_WARN_UNUSED_FUNCTION = YES;
				GCC_WARN_UNUSED_VARIABLE = YES;
				IPHONEOS_DEPLOYMENT_TARGET = 16.0;
				MTL_ENABLE_DEBUG_INFO = NO;
				MTL_FAST_MATH = YES;
				SDKROOT = iphoneos;
				SWIFT_COMPILATION_MODE = wholemodule;
				SWIFT_OPTIMIZATION_LEVEL = "-O";
				VALIDATE_PRODUCT = YES;
			};
			name = Release;
		};
		09C9197728EF1E5D0099B2DC /* Debug */ = {
			isa = XCBuildConfiguration;
			buildSettings = {
				ASSETCATALOG_COMPILER_APPICON_NAME = AppIcon;
				ASSETCATALOG_COMPILER_GLOBAL_ACCENT_COLOR_NAME = AccentColor;
				CODE_SIGN_STYLE = Automatic;
				CURRENT_PROJECT_VERSION = 1;
				DEVELOPMENT_TEAM = 3639YJ5CGC;
				GENERATE_INFOPLIST_FILE = YES;
				INFOPLIST_FILE = MyStore/Info.plist;
				INFOPLIST_KEY_UIApplicationSupportsIndirectInputEvents = YES;
				INFOPLIST_KEY_UILaunchStoryboardName = LaunchScreen;
				INFOPLIST_KEY_UIMainStoryboardFile = Main;
				INFOPLIST_KEY_UISupportedInterfaceOrientations_iPad = "UIInterfaceOrientationPortrait UIInterfaceOrientationPortraitUpsideDown UIInterfaceOrientationLandscapeLeft UIInterfaceOrientationLandscapeRight";
				INFOPLIST_KEY_UISupportedInterfaceOrientations_iPhone = "UIInterfaceOrientationPortrait UIInterfaceOrientationLandscapeLeft UIInterfaceOrientationLandscapeRight";
				LD_RUNPATH_SEARCH_PATHS = (
					"$(inherited)",
					"@executable_path/Frameworks",
				);
				MARKETING_VERSION = 1.0;
				PRODUCT_BUNDLE_IDENTIFIER = ilentiy.MyStore;
				PRODUCT_NAME = "$(TARGET_NAME)";
				SWIFT_EMIT_LOC_STRINGS = YES;
				SWIFT_VERSION = 5.0;
				TARGETED_DEVICE_FAMILY = "1,2";
			};
			name = Debug;
		};
		09C9197828EF1E5D0099B2DC /* Release */ = {
			isa = XCBuildConfiguration;
			buildSettings = {
				ASSETCATALOG_COMPILER_APPICON_NAME = AppIcon;
				ASSETCATALOG_COMPILER_GLOBAL_ACCENT_COLOR_NAME = AccentColor;
				CODE_SIGN_STYLE = Automatic;
				CURRENT_PROJECT_VERSION = 1;
				DEVELOPMENT_TEAM = 3639YJ5CGC;
				GENERATE_INFOPLIST_FILE = YES;
				INFOPLIST_FILE = MyStore/Info.plist;
				INFOPLIST_KEY_UIApplicationSupportsIndirectInputEvents = YES;
				INFOPLIST_KEY_UILaunchStoryboardName = LaunchScreen;
				INFOPLIST_KEY_UIMainStoryboardFile = Main;
				INFOPLIST_KEY_UISupportedInterfaceOrientations_iPad = "UIInterfaceOrientationPortrait UIInterfaceOrientationPortraitUpsideDown UIInterfaceOrientationLandscapeLeft UIInterfaceOrientationLandscapeRight";
				INFOPLIST_KEY_UISupportedInterfaceOrientations_iPhone = "UIInterfaceOrientationPortrait UIInterfaceOrientationLandscapeLeft UIInterfaceOrientationLandscapeRight";
				LD_RUNPATH_SEARCH_PATHS = (
					"$(inherited)",
					"@executable_path/Frameworks",
				);
				MARKETING_VERSION = 1.0;
				PRODUCT_BUNDLE_IDENTIFIER = ilentiy.MyStore;
				PRODUCT_NAME = "$(TARGET_NAME)";
				SWIFT_EMIT_LOC_STRINGS = YES;
				SWIFT_VERSION = 5.0;
				TARGETED_DEVICE_FAMILY = "1,2";
			};
			name = Release;
		};
/* End XCBuildConfiguration section */

/* Begin XCConfigurationList section */
		09C9195D28EF1E5B0099B2DC /* Build configuration list for PBXProject "MyStore" */ = {
			isa = XCConfigurationList;
			buildConfigurations = (
				09C9197428EF1E5D0099B2DC /* Debug */,
				09C9197528EF1E5D0099B2DC /* Release */,
			);
			defaultConfigurationIsVisible = 0;
			defaultConfigurationName = Release;
		};
		09C9197628EF1E5D0099B2DC /* Build configuration list for PBXNativeTarget "MyStore" */ = {
			isa = XCConfigurationList;
			buildConfigurations = (
				09C9197728EF1E5D0099B2DC /* Debug */,
				09C9197828EF1E5D0099B2DC /* Release */,
			);
			defaultConfigurationIsVisible = 0;
			defaultConfigurationName = Release;
		};
/* End XCConfigurationList section */
	};
	rootObject = 09C9195A28EF1E5B0099B2DC /* Project object */;
}
